
Microsoft Visual Studio Solution File, Format Version 12.00
# Visual Studio Version 17
VisualStudioVersion = 17.7.34003.232
MinimumVisualStudioVersion = 10.0.40219.1
Project("{FAE04EC0-301F-11D3-BF4B-00C04F79EFBC}") = "DanceGame", "DanceGame.csproj", "{2160AB69-2281-49DE-B97E-ADE910192EA8}"
EndProject
Global
	GlobalSection(SolutionConfigurationPlatforms) = preSolution
		Debug|Any CPU = Debug|Any CPU
		Release|Any CPU = Release|Any CPU
	EndGlobalSection
	GlobalSection(ProjectConfigurationPlatforms) = postSolution
		{2160AB69-2281-49DE-B97E-ADE910192EA8}.Debug|Any CPU.ActiveCfg = Debug|Any CPU
		{2160AB69-2281-49DE-B97E-ADE910192EA8}.Debug|Any CPU.Build.0 = Debug|Any CPU
		{2160AB69-2281-49DE-B97E-ADE910192EA8}.Release|Any CPU.ActiveCfg = Release|Any CPU
		{2160AB69-2281-49DE-B97E-ADE910192EA8}.Release|Any CPU.Build.0 = Release|Any CPU
	EndGlobalSection
	GlobalSection(SolutionProperties) = preSolution
		HideSolutionNode = FALSE
	EndGlobalSection
	GlobalSection(ExtensibilityGlobals) = postSolution
		SolutionGuid = {036AE45D-E2DB-4F70-AE11-218CB8A96878}
	EndGlobalSection
EndGlobal
